
Microsoft Visual Studio Solution File, Format Version 12.00
# Visual Studio Version 17
VisualStudioVersion = 17.4.33110.190
MinimumVisualStudioVersion = 10.0.40219.1
Project("{9A19103F-16F7-4668-BE54-9A1E7A4F7556}") = "BethanysPieShop", "BethanysPieShop\BethanysPieShop.csproj", "{B490D9CF-78CE-4D11-B612-E0E92F019E62}"
EndProject
Project("{FAE04EC0-301F-11D3-BF4B-00C04F79EFBC}") = "BethanysPieShop.Tests", "BethanysPieShop.Tests\BethanysPieShop.Tests.csproj", "{90196ADD-FFF3-4CA9-B744-011A9A8F8AFA}"
EndProject
Global
	GlobalSection(SolutionConfigurationPlatforms) = preSolution
		Debug|Any CPU = Debug|Any CPU
		Release|Any CPU = Release|Any CPU
	EndGlobalSection
	GlobalSection(ProjectConfigurationPlatforms) = postSolution
		{B490D9CF-78CE-4D11-B612-E0E92F019E62}.Debug|Any CPU.ActiveCfg = Debug|Any CPU
		{B490D9CF-78CE-4D11-B612-E0E92F019E62}.Debug|Any CPU.Build.0 = Debug|Any CPU
		{B490D9CF-78CE-4D11-B612-E0E92F019E62}.Release|Any CPU.ActiveCfg = Release|Any CPU
		{B490D9CF-78CE-4D11-B612-E0E92F019E62}.Release|Any CPU.Build.0 = Release|Any CPU
		{90196ADD-FFF3-4CA9-B744-011A9A8F8AFA}.Debug|Any CPU.ActiveCfg = Debug|Any CPU
		{90196ADD-FFF3-4CA9-B744-011A9A8F8AFA}.Debug|Any CPU.Build.0 = Debug|Any CPU
		{90196ADD-FFF3-4CA9-B744-011A9A8F8AFA}.Release|Any CPU.ActiveCfg = Release|Any CPU
		{90196ADD-FFF3-4CA9-B744-011A9A8F8AFA}.Release|Any CPU.Build.0 = Release|Any CPU
	EndGlobalSection
	GlobalSection(SolutionProperties) = preSolution
		HideSolutionNode = FALSE
	EndGlobalSection
	GlobalSection(ExtensibilityGlobals) = postSolution
		SolutionGuid = {2439FC27-BA90-4D6D-B4C7-7B2C6DC44F0B}
	EndGlobalSection
EndGlobal
